
Microsoft Visual Studio Solution File, Format Version 12.00
# Visual Studio Version 17
VisualStudioVersion = 17.0.31903.59
MinimumVisualStudioVersion = 10.0.40219.1
Project("{2150E333-8FDC-42A3-9474-1A3956D46DE8}") = "Domain", "Domain", "{20353DF3-7764-475D-B365-FA00447CE533}"
EndProject
Project("{FAE04EC0-301F-11D3-BF4B-00C04F79EFBC}") = "UknfPlatform.Domain.Shared", "Domain\UknfPlatform.Domain.Shared\UknfPlatform.Domain.Shared.csproj", "{30D1E7A9-01FC-45DB-819F-256EB4EB636D}"
EndProject
Project("{FAE04EC0-301F-11D3-BF4B-00C04F79EFBC}") = "UknfPlatform.Domain.Auth", "Domain\UknfPlatform.Domain.Auth\UknfPlatform.Domain.Auth.csproj", "{6DF98D1D-1D38-4366-B168-E782546E2975}"
EndProject
Project("{FAE04EC0-301F-11D3-BF4B-00C04F79EFBC}") = "UknfPlatform.Domain.Communication", "Domain\UknfPlatform.Domain.Communication\UknfPlatform.Domain.Communication.csproj", "{8A7C9B2E-4F3D-4D6E-9A1B-2C5E7F8D9A3B}"
EndProject
Project("{2150E333-8FDC-42A3-9474-1A3956D46DE8}") = "Application", "Application", "{2B32835A-E378-479E-8554-1DE3B06CAAC1}"
EndProject
Project("{FAE04EC0-301F-11D3-BF4B-00C04F79EFBC}") = "UknfPlatform.Application.Shared", "Application\UknfPlatform.Application.Shared\UknfPlatform.Application.Shared.csproj", "{DE1CAA67-9E6A-41F9-9647-350BAA05C6E5}"
EndProject
Project("{FAE04EC0-301F-11D3-BF4B-00C04F79EFBC}") = "UknfPlatform.Application.Auth", "Application\UknfPlatform.Application.Auth\UknfPlatform.Application.Auth.csproj", "{183C078D-52FE-40B9-88F2-160374D4AB70}"
EndProject
Project("{FAE04EC0-301F-11D3-BF4B-00C04F79EFBC}") = "UknfPlatform.Application.Communication", "Application\UknfPlatform.Application.Communication\UknfPlatform.Application.Communication.csproj", "{9B8D3C4E-5F6A-4E7D-8B2C-3D9F6E7A8B4C}"
EndProject
Project("{2150E333-8FDC-42A3-9474-1A3956D46DE8}") = "Infrastructure", "Infrastructure", "{3B84034A-1267-419E-B14E-F5D82A8D3300}"
EndProject
Project("{FAE04EC0-301F-11D3-BF4B-00C04F79EFBC}") = "UknfPlatform.Infrastructure.Persistence", "Infrastructure\UknfPlatform.Infrastructure.Persistence\UknfPlatform.Infrastructure.Persistence.csproj", "{4E64298E-13FE-41EF-8918-0C26518DC384}"
EndProject
Project("{FAE04EC0-301F-11D3-BF4B-00C04F79EFBC}") = "UknfPlatform.Infrastructure.Identity", "Infrastructure\UknfPlatform.Infrastructure.Identity\UknfPlatform.Infrastructure.Identity.csproj", "{7FAA686B-D227-4C5F-A8FA-78AA59C4FE6F}"
EndProject
Project("{FAE04EC0-301F-11D3-BF4B-00C04F79EFBC}") = "UknfPlatform.Infrastructure.FileStorage", "Infrastructure\UknfPlatform.Infrastructure.FileStorage\UknfPlatform.Infrastructure.FileStorage.csproj", "{1C6E8F9D-2A4B-5E7C-9D3F-4B6A7C8D9E1F}"
EndProject
Project("{2150E333-8FDC-42A3-9474-1A3956D46DE8}") = "Api", "Api", "{652A802E-D8A6-4305-A279-8EA1AAF95C49}"
EndProject
Project("{FAE04EC0-301F-11D3-BF4B-00C04F79EFBC}") = "UknfPlatform.Api", "Api\UknfPlatform.Api\UknfPlatform.Api.csproj", "{B1C5CC14-333C-4F94-BA16-0863A65E66A9}"
EndProject
Project("{2150E333-8FDC-42A3-9474-1A3956D46DE8}") = "Tests", "Tests", "{01D09005-F997-4B3D-9675-44CFF729825D}"
EndProject
Project("{FAE04EC0-301F-11D3-BF4B-00C04F79EFBC}") = "UknfPlatform.UnitTests", "Tests\UknfPlatform.UnitTests\UknfPlatform.UnitTests.csproj", "{A9080C06-AC85-450B-9616-6E7025DD16E3}"
EndProject
Project("{FAE04EC0-301F-11D3-BF4B-00C04F79EFBC}") = "UknfPlatform.IntegrationTests", "Tests\UknfPlatform.IntegrationTests\UknfPlatform.IntegrationTests.csproj", "{E0DF5D3D-91D4-418A-B7D7-6FC2D413C6AA}"
EndProject
Global
	GlobalSection(SolutionConfigurationPlatforms) = preSolution
		Debug|Any CPU = Debug|Any CPU
		Release|Any CPU = Release|Any CPU
	EndGlobalSection
	GlobalSection(SolutionProperties) = preSolution
		HideSolutionNode = FALSE
	EndGlobalSection
	GlobalSection(ProjectConfigurationPlatforms) = postSolution
		{30D1E7A9-01FC-45DB-819F-256EB4EB636D}.Debug|Any CPU.ActiveCfg = Debug|Any CPU
		{30D1E7A9-01FC-45DB-819F-256EB4EB636D}.Debug|Any CPU.Build.0 = Debug|Any CPU
		{30D1E7A9-01FC-45DB-819F-256EB4EB636D}.Release|Any CPU.ActiveCfg = Release|Any CPU
		{30D1E7A9-01FC-45DB-819F-256EB4EB636D}.Release|Any CPU.Build.0 = Release|Any CPU
		{6DF98D1D-1D38-4366-B168-E782546E2975}.Debug|Any CPU.ActiveCfg = Debug|Any CPU
		{6DF98D1D-1D38-4366-B168-E782546E2975}.Debug|Any CPU.Build.0 = Debug|Any CPU
		{6DF98D1D-1D38-4366-B168-E782546E2975}.Release|Any CPU.ActiveCfg = Release|Any CPU
		{6DF98D1D-1D38-4366-B168-E782546E2975}.Release|Any CPU.Build.0 = Release|Any CPU
		{8A7C9B2E-4F3D-4D6E-9A1B-2C5E7F8D9A3B}.Debug|Any CPU.ActiveCfg = Debug|Any CPU
		{8A7C9B2E-4F3D-4D6E-9A1B-2C5E7F8D9A3B}.Debug|Any CPU.Build.0 = Debug|Any CPU
		{8A7C9B2E-4F3D-4D6E-9A1B-2C5E7F8D9A3B}.Release|Any CPU.ActiveCfg = Release|Any CPU
		{8A7C9B2E-4F3D-4D6E-9A1B-2C5E7F8D9A3B}.Release|Any CPU.Build.0 = Release|Any CPU
		{DE1CAA67-9E6A-41F9-9647-350BAA05C6E5}.Debug|Any CPU.ActiveCfg = Debug|Any CPU
		{DE1CAA67-9E6A-41F9-9647-350BAA05C6E5}.Debug|Any CPU.Build.0 = Debug|Any CPU
		{DE1CAA67-9E6A-41F9-9647-350BAA05C6E5}.Release|Any CPU.ActiveCfg = Release|Any CPU
		{DE1CAA67-9E6A-41F9-9647-350BAA05C6E5}.Release|Any CPU.Build.0 = Release|Any CPU
		{183C078D-52FE-40B9-88F2-160374D4AB70}.Debug|Any CPU.ActiveCfg = Debug|Any CPU
		{183C078D-52FE-40B9-88F2-160374D4AB70}.Debug|Any CPU.Build.0 = Debug|Any CPU
		{183C078D-52FE-40B9-88F2-160374D4AB70}.Release|Any CPU.ActiveCfg = Release|Any CPU
		{183C078D-52FE-40B9-88F2-160374D4AB70}.Release|Any CPU.Build.0 = Release|Any CPU
		{9B8D3C4E-5F6A-4E7D-8B2C-3D9F6E7A8B4C}.Debug|Any CPU.ActiveCfg = Debug|Any CPU
		{9B8D3C4E-5F6A-4E7D-8B2C-3D9F6E7A8B4C}.Debug|Any CPU.Build.0 = Debug|Any CPU
		{9B8D3C4E-5F6A-4E7D-8B2C-3D9F6E7A8B4C}.Release|Any CPU.ActiveCfg = Release|Any CPU
		{9B8D3C4E-5F6A-4E7D-8B2C-3D9F6E7A8B4C}.Release|Any CPU.Build.0 = Release|Any CPU
		{4E64298E-13FE-41EF-8918-0C26518DC384}.Debug|Any CPU.ActiveCfg = Debug|Any CPU
		{4E64298E-13FE-41EF-8918-0C26518DC384}.Debug|Any CPU.Build.0 = Debug|Any CPU
		{4E64298E-13FE-41EF-8918-0C26518DC384}.Release|Any CPU.ActiveCfg = Release|Any CPU
		{4E64298E-13FE-41EF-8918-0C26518DC384}.Release|Any CPU.Build.0 = Release|Any CPU
		{7FAA686B-D227-4C5F-A8FA-78AA59C4FE6F}.Debug|Any CPU.ActiveCfg = Debug|Any CPU
		{7FAA686B-D227-4C5F-A8FA-78AA59C4FE6F}.Debug|Any CPU.Build.0 = Debug|Any CPU
		{7FAA686B-D227-4C5F-A8FA-78AA59C4FE6F}.Release|Any CPU.ActiveCfg = Release|Any CPU
		{7FAA686B-D227-4C5F-A8FA-78AA59C4FE6F}.Release|Any CPU.Build.0 = Release|Any CPU
		{1C6E8F9D-2A4B-5E7C-9D3F-4B6A7C8D9E1F}.Debug|Any CPU.ActiveCfg = Debug|Any CPU
		{1C6E8F9D-2A4B-5E7C-9D3F-4B6A7C8D9E1F}.Debug|Any CPU.Build.0 = Debug|Any CPU
		{1C6E8F9D-2A4B-5E7C-9D3F-4B6A7C8D9E1F}.Release|Any CPU.ActiveCfg = Release|Any CPU
		{1C6E8F9D-2A4B-5E7C-9D3F-4B6A7C8D9E1F}.Release|Any CPU.Build.0 = Release|Any CPU
		{B1C5CC14-333C-4F94-BA16-0863A65E66A9}.Debug|Any CPU.ActiveCfg = Debug|Any CPU
		{B1C5CC14-333C-4F94-BA16-0863A65E66A9}.Debug|Any CPU.Build.0 = Debug|Any CPU
		{B1C5CC14-333C-4F94-BA16-0863A65E66A9}.Release|Any CPU.ActiveCfg = Release|Any CPU
		{B1C5CC14-333C-4F94-BA16-0863A65E66A9}.Release|Any CPU.Build.0 = Release|Any CPU
		{A9080C06-AC85-450B-9616-6E7025DD16E3}.Debug|Any CPU.ActiveCfg = Debug|Any CPU
		{A9080C06-AC85-450B-9616-6E7025DD16E3}.Debug|Any CPU.Build.0 = Debug|Any CPU
		{A9080C06-AC85-450B-9616-6E7025DD16E3}.Release|Any CPU.ActiveCfg = Release|Any CPU
		{A9080C06-AC85-450B-9616-6E7025DD16E3}.Release|Any CPU.Build.0 = Release|Any CPU
		{E0DF5D3D-91D4-418A-B7D7-6FC2D413C6AA}.Debug|Any CPU.ActiveCfg = Debug|Any CPU
		{E0DF5D3D-91D4-418A-B7D7-6FC2D413C6AA}.Debug|Any CPU.Build.0 = Debug|Any CPU
		{E0DF5D3D-91D4-418A-B7D7-6FC2D413C6AA}.Release|Any CPU.ActiveCfg = Release|Any CPU
		{E0DF5D3D-91D4-418A-B7D7-6FC2D413C6AA}.Release|Any CPU.Build.0 = Release|Any CPU
	EndGlobalSection
	GlobalSection(NestedProjects) = preSolution
		{30D1E7A9-01FC-45DB-819F-256EB4EB636D} = {20353DF3-7764-475D-B365-FA00447CE533}
		{6DF98D1D-1D38-4366-B168-E782546E2975} = {20353DF3-7764-475D-B365-FA00447CE533}
		{8A7C9B2E-4F3D-4D6E-9A1B-2C5E7F8D9A3B} = {20353DF3-7764-475D-B365-FA00447CE533}
		{DE1CAA67-9E6A-41F9-9647-350BAA05C6E5} = {2B32835A-E378-479E-8554-1DE3B06CAAC1}
		{183C078D-52FE-40B9-88F2-160374D4AB70} = {2B32835A-E378-479E-8554-1DE3B06CAAC1}
		{9B8D3C4E-5F6A-4E7D-8B2C-3D9F6E7A8B4C} = {2B32835A-E378-479E-8554-1DE3B06CAAC1}
		{4E64298E-13FE-41EF-8918-0C26518DC384} = {3B84034A-1267-419E-B14E-F5D82A8D3300}
		{7FAA686B-D227-4C5F-A8FA-78AA59C4FE6F} = {3B84034A-1267-419E-B14E-F5D82A8D3300}
		{1C6E8F9D-2A4B-5E7C-9D3F-4B6A7C8D9E1F} = {3B84034A-1267-419E-B14E-F5D82A8D3300}
		{B1C5CC14-333C-4F94-BA16-0863A65E66A9} = {652A802E-D8A6-4305-A279-8EA1AAF95C49}
		{A9080C06-AC85-450B-9616-6E7025DD16E3} = {01D09005-F997-4B3D-9675-44CFF729825D}
		{E0DF5D3D-91D4-418A-B7D7-6FC2D413C6AA} = {01D09005-F997-4B3D-9675-44CFF729825D}
	EndGlobalSection
EndGlobal
